
Microsoft Visual Studio Solution File, Format Version 12.00
# Visual Studio 15
Project("{FAE04EC0-301F-11D3-BF4B-00C04F79EFBC}") = "CnSharp.EntityFrameworkCore", "EntityFrameworkCore.Sharp\CnSharp.EntityFrameworkCore.csproj", "{B9F0A1CC-4EE1-4051-811F-3BD11902D589}"
EndProject
Project("{FAE04EC0-301F-11D3-BF4B-00C04F79EFBC}") = "CnSharp.Data", "EntityFrameworkCore.Sharp.Annotations\EntityFrameworkCore.Sharp.Annotations\CnSharp.Data.csproj", "{C4DF3F35-E280-462C-9575-A3DB99F0F0DA}"
EndProject
Project("{FAE04EC0-301F-11D3-BF4B-00C04F79EFBC}") = "EntityFrameworkCore.Sharp.Testing", "EntityFrameworkCore.Sharp.Testing\EntityFrameworkCore.Sharp.Testing.csproj", "{9A5195AE-3C2F-44E0-BDD0-B7C250D4D81A}"
EndProject
Project("{FAE04EC0-301F-11D3-BF4B-00C04F79EFBC}") = "EntityFrameworkCore.Sharp.Sample", "EntityFrameworkCore.Sharp.Sample\EntityFrameworkCore.Sharp.Sample.csproj", "{87BB5E8A-3B64-4025-9539-E065A97A7DF6}"
EndProject
Global
	GlobalSection(SolutionConfigurationPlatforms) = preSolution
		Debug|Any CPU = Debug|Any CPU
		Release|Any CPU = Release|Any CPU
	EndGlobalSection
	GlobalSection(ProjectConfigurationPlatforms) = postSolution
		{B9F0A1CC-4EE1-4051-811F-3BD11902D589}.Debug|Any CPU.ActiveCfg = Debug|Any CPU
		{B9F0A1CC-4EE1-4051-811F-3BD11902D589}.Debug|Any CPU.Build.0 = Debug|Any CPU
		{B9F0A1CC-4EE1-4051-811F-3BD11902D589}.Release|Any CPU.ActiveCfg = Release|Any CPU
		{B9F0A1CC-4EE1-4051-811F-3BD11902D589}.Release|Any CPU.Build.0 = Release|Any CPU
		{C4DF3F35-E280-462C-9575-A3DB99F0F0DA}.Debug|Any CPU.ActiveCfg = Debug|Any CPU
		{C4DF3F35-E280-462C-9575-A3DB99F0F0DA}.Debug|Any CPU.Build.0 = Debug|Any CPU
		{C4DF3F35-E280-462C-9575-A3DB99F0F0DA}.Release|Any CPU.ActiveCfg = Release|Any CPU
		{C4DF3F35-E280-462C-9575-A3DB99F0F0DA}.Release|Any CPU.Build.0 = Release|Any CPU
		{9A5195AE-3C2F-44E0-BDD0-B7C250D4D81A}.Debug|Any CPU.ActiveCfg = Debug|Any CPU
		{9A5195AE-3C2F-44E0-BDD0-B7C250D4D81A}.Debug|Any CPU.Build.0 = Debug|Any CPU
		{9A5195AE-3C2F-44E0-BDD0-B7C250D4D81A}.Release|Any CPU.ActiveCfg = Release|Any CPU
		{9A5195AE-3C2F-44E0-BDD0-B7C250D4D81A}.Release|Any CPU.Build.0 = Release|Any CPU
		{87BB5E8A-3B64-4025-9539-E065A97A7DF6}.Debug|Any CPU.ActiveCfg = Debug|Any CPU
		{87BB5E8A-3B64-4025-9539-E065A97A7DF6}.Debug|Any CPU.Build.0 = Debug|Any CPU
		{87BB5E8A-3B64-4025-9539-E065A97A7DF6}.Release|Any CPU.ActiveCfg = Release|Any CPU
		{87BB5E8A-3B64-4025-9539-E065A97A7DF6}.Release|Any CPU.Build.0 = Release|Any CPU
	EndGlobalSection
EndGlobal
